// !$*UTF8*$!
{
	archiveVersion = 1;
	classes = {
	};
	objectVersion = 50;
	objects = {

/* Begin PBXBuildFile section */
		520D2565260901610053AEA5 /* Insanibc.ttf in Resources */ = {isa = PBXBuildFile; fileRef = 520D25642609015C0053AEA5 /* Insanibc.ttf */; };
		520D2568260910650053AEA5 /* Menu.swift in Sources */ = {isa = PBXBuildFile; fileRef = 520D2567260910650053AEA5 /* Menu.swift */; };
		520D256B260915E80053AEA5 /* ItemDetailsViewController.swift in Sources */ = {isa = PBXBuildFile; fileRef = 520D256A260915E80053AEA5 /* ItemDetailsViewController.swift */; };
		52F16FF32606F281008DC088 /* AppDelegate.swift in Sources */ = {isa = PBXBuildFile; fileRef = 52F16FF22606F281008DC088 /* AppDelegate.swift */; };
		52F16FF52606F281008DC088 /* SceneDelegate.swift in Sources */ = {isa = PBXBuildFile; fileRef = 52F16FF42606F281008DC088 /* SceneDelegate.swift */; };
		52F16FF72606F281008DC088 /* ViewController.swift in Sources */ = {isa = PBXBuildFile; fileRef = 52F16FF62606F281008DC088 /* ViewController.swift */; };
		52F16FFC2606F282008DC088 /* Assets.xcassets in Resources */ = {isa = PBXBuildFile; fileRef = 52F16FFB2606F282008DC088 /* Assets.xcassets */; };
		52F16FFF2606F282008DC088 /* LaunchScreen.storyboard in Resources */ = {isa = PBXBuildFile; fileRef = 52F16FFD2606F282008DC088 /* LaunchScreen.storyboard */; };
		52F1700B2606FFAB008DC088 /* Extensions.swift in Sources */ = {isa = PBXBuildFile; fileRef = 52F1700A2606FFAB008DC088 /* Extensions.swift */; };
		52FE2CCF2609C4F7002CD002 /* BurgerController.swift in Sources */ = {isa = PBXBuildFile; fileRef = 52FE2CCE2609C4F7002CD002 /* BurgerController.swift */; };
		52FE2CD32609C52B002CD002 /* CirclePath.swift in Sources */ = {isa = PBXBuildFile; fileRef = 52FE2CD22609C52B002CD002 /* CirclePath.swift */; };
		52FF2E5F260793A2005DA502 /* menuCell.swift in Sources */ = {isa = PBXBuildFile; fileRef = 52FF2E5E260793A1005DA502 /* menuCell.swift */; };
/* End PBXBuildFile section */

/* Begin PBXFileReference section */
		520D25642609015C0053AEA5 /* Insanibc.ttf */ = {isa = PBXFileReference; lastKnownFileType = file; path = Insanibc.ttf; sourceTree = "<group>"; };
		520D2567260910650053AEA5 /* Menu.swift */ = {isa = PBXFileReference; lastKnownFileType = sourcecode.swift; path = Menu.swift; sourceTree = "<group>"; };
		520D256A260915E80053AEA5 /* ItemDetailsViewController.swift */ = {isa = PBXFileReference; lastKnownFileType = sourcecode.swift; path = ItemDetailsViewController.swift; sourceTree = "<group>"; };
		52F16FEF2606F281008DC088 /* Burger King App.app */ = {isa = PBXFileReference; explicitFileType = wrapper.application; includeInIndex = 0; path = "Burger King App.app"; sourceTree = BUILT_PRODUCTS_DIR; };
		52F16FF22606F281008DC088 /* AppDelegate.swift */ = {isa = PBXFileReference; lastKnownFileType = sourcecode.swift; path = AppDelegate.swift; sourceTree = "<group>"; };
		52F16FF42606F281008DC088 /* SceneDelegate.swift */ = {isa = PBXFileReference; lastKnownFileType = sourcecode.swift; path = SceneDelegate.swift; sourceTree = "<group>"; };
		52F16FF62606F281008DC088 /* ViewController.swift */ = {isa = PBXFileReference; lastKnownFileType = sourcecode.swift; path = ViewController.swift; sourceTree = "<group>"; };
		52F16FFB2606F282008DC088 /* Assets.xcassets */ = {isa = PBXFileReference; lastKnownFileType = folder.assetcatalog; path = Assets.xcassets; sourceTree = "<group>"; };
		52F16FFE2606F282008DC088 /* Base */ = {isa = PBXFileReference; lastKnownFileType = file.storyboard; name = Base; path = Base.lproj/LaunchScreen.storyboard; sourceTree = "<group>"; };
		52F170002606F282008DC088 /* Info.plist */ = {isa = PBXFileReference; lastKnownFileType = text.plist.xml; path = Info.plist; sourceTree = "<group>"; };
		52F1700A2606FFAB008DC088 /* Extensions.swift */ = {isa = PBXFileReference; fileEncoding = 4; lastKnownFileType = sourcecode.swift; path = Extensions.swift; sourceTree = "<group>"; };
		52FE2CCE2609C4F7002CD002 /* BurgerController.swift */ = {isa = PBXFileReference; fileEncoding = 4; lastKnownFileType = sourcecode.swift; name = BurgerController.swift; path = "../../BurgerKing Concept/BurgerKing Concept/BurgerController.swift"; sourceTree = "<group>"; };
		52FE2CD22609C52B002CD002 /* CirclePath.swift */ = {isa = PBXFileReference; fileEncoding = 4; lastKnownFileType = sourcecode.swift; path = CirclePath.swift; sourceTree = "<group>"; };
		52FF2E5E260793A1005DA502 /* menuCell.swift */ = {isa = PBXFileReference; lastKnownFileType = sourcecode.swift; path = menuCell.swift; sourceTree = "<group>"; };
/* End PBXFileReference section */

/* Begin PBXFrameworksBuildPhase section */
		52F16FEC2606F281008DC088 /* Frameworks */ = {
			isa = PBXFrameworksBuildPhase;
			buildActionMask = 2147483647;
			files = (
			);
			runOnlyForDeploymentPostprocessing = 0;
		};
/* End PBXFrameworksBuildPhase section */

/* Begin PBXGroup section */
		52F16FE62606F281008DC088 = {
			isa = PBXGroup;
			children = (
				52F16FF12606F281008DC088 /* Burger King App */,
				52F16FF02606F281008DC088 /* Products */,
			);
			sourceTree = "<group>";
		};
		52F16FF02606F281008DC088 /* Products */ = {
			isa = PBXGroup;
			children = (
				52F16FEF2606F281008DC088 /* Burger King App.app */,
			);
			name = Products;
			sourceTree = "<group>";
		};
		52F16FF12606F281008DC088 /* Burger King App */ = {
			isa = PBXGroup;
			children = (
				52F16FF22606F281008DC088 /* AppDelegate.swift */,
				52F16FF42606F281008DC088 /* SceneDelegate.swift */,
				52F16FF62606F281008DC088 /* ViewController.swift */,
				520D2567260910650053AEA5 /* Menu.swift */,
				52FF2E5E260793A1005DA502 /* menuCell.swift */,
				52F16FFB2606F282008DC088 /* Assets.xcassets */,
				520D25642609015C0053AEA5 /* Insanibc.ttf */,
				52F16FFD2606F282008DC088 /* LaunchScreen.storyboard */,
				52F1700A2606FFAB008DC088 /* Extensions.swift */,
				52F170002606F282008DC088 /* Info.plist */,
				52FE2CD22609C52B002CD002 /* CirclePath.swift */,
				52FE2CCE2609C4F7002CD002 /* BurgerController.swift */,
				520D256A260915E80053AEA5 /* ItemDetailsViewController.swift */,
			);
			path = "Burger King App";
			sourceTree = "<group>";
		};
/* End PBXGroup section */

/* Begin PBXNativeTarget section */
		52F16FEE2606F281008DC088 /* Burger King App */ = {
			isa = PBXNativeTarget;
			buildConfigurationList = 52F170032606F282008DC088 /* Build configuration list for PBXNativeTarget "Burger King App" */;
			buildPhases = (
				52F16FEB2606F281008DC088 /* Sources */,
				52F16FEC2606F281008DC088 /* Frameworks */,
				52F16FED2606F281008DC088 /* Resources */,
			);
			buildRules = (
			);
			dependencies = (
			);
			name = "Burger King App";
			productName = "Burger King App";
			productReference = 52F16FEF2606F281008DC088 /* Burger King App.app */;
			productType = "com.apple.product-type.application";
		};
/* End PBXNativeTarget section */

/* Begin PBXProject section */
		52F16FE72606F281008DC088 /* Project object */ = {
			isa = PBXProject;
			attributes = {
				LastSwiftUpdateCheck = 1230;
				LastUpgradeCheck = 1230;
				TargetAttributes = {
					52F16FEE2606F281008DC088 = {
						CreatedOnToolsVersion = 12.3;
					};
				};
			};
			buildConfigurationList = 52F16FEA2606F281008DC088 /* Build configuration list for PBXProject "Burger King App" */;
			compatibilityVersion = "Xcode 9.3";
			developmentRegion = en;
			hasScannedForEncodings = 0;
			knownRegions = (
				en,
				Base,
			);
			mainGroup = 52F16FE62606F281008DC088;
			productRefGroup = 52F16FF02606F281008DC088 /* Products */;
			projectDirPath = "";
			projectRoot = "";
			targets = (
				52F16FEE2606F281008DC088 /* Burger King App */,
			);
		};
/* End PBXProject section */

/* Begin PBXResourcesBuildPhase section */
		52F16FED2606F281008DC088 /* Resources */ = {
			isa = PBXResourcesBuildPhase;
			buildActionMask = 2147483647;
			files = (
				520D2565260901610053AEA5 /* Insanibc.ttf in Resources */,
				52F16FFF2606F282008DC088 /* LaunchScreen.storyboard in Resources */,
				52F16FFC2606F282008DC088 /* Assets.xcassets in Resources */,
			);
			runOnlyForDeploymentPostprocessing = 0;
		};
/* End PBXResourcesBuildPhase section */

/* Begin PBXSourcesBuildPhase section */
		52F16FEB2606F281008DC088 /* Sources */ = {
			isa = PBXSourcesBuildPhase;
			buildActionMask = 2147483647;
			files = (
				520D2568260910650053AEA5 /* Menu.swift in Sources */,
				52F16FF72606F281008DC088 /* ViewController.swift in Sources */,
				52FF2E5F260793A2005DA502 /* menuCell.swift in Sources */,
				52FE2CD32609C52B002CD002 /* CirclePath.swift in Sources */,
				52F16FF32606F281008DC088 /* AppDelegate.swift in Sources */,
				52F16FF52606F281008DC088 /* SceneDelegate.swift in Sources */,
				520D256B260915E80053AEA5 /* ItemDetailsViewController.swift in Sources */,
				52FE2CCF2609C4F7002CD002 /* BurgerController.swift in Sources */,
				52F1700B2606FFAB008DC088 /* Extensions.swift in Sources */,
			);
			runOnlyForDeploymentPostprocessing = 0;
		};
/* End PBXSourcesBuildPhase section */

/* Begin PBXVariantGroup section */
		52F16FFD2606F282008DC088 /* LaunchScreen.storyboard */ = {
			isa = PBXVariantGroup;
			children = (
				52F16FFE2606F282008DC088 /* Base */,
			);
			name = LaunchScreen.storyboard;
			sourceTree = "<group>";
		};
/* End PBXVariantGroup section */

/* Begin XCBuildConfiguration section */
		52F170012606F282008DC088 /* Debug */ = {
			isa = XCBuildConfiguration;
			buildSettings = {
				ALWAYS_SEARCH_USER_PATHS = NO;
				CLANG_ANALYZER_NONNULL = YES;
				CLANG_ANALYZER_NUMBER_OBJECT_CONVERSION = YES_AGGRESSIVE;
				CLANG_CXX_LANGUAGE_STANDARD = "gnu++14";
				CLANG_CXX_LIBRARY = "libc++";
				CLANG_ENABLE_MODULES = YES;
				CLANG_ENABLE_OBJC_ARC = YES;
				CLANG_ENABLE_OBJC_WEAK = YES;
				CLANG_WARN_BLOCK_CAPTURE_AUTORELEASING = YES;
				CLANG_WARN_BOOL_CONVERSION = YES;
				CLANG_WARN_COMMA = YES;
				CLANG_WARN_CONSTANT_CONVERSION = YES;
				CLANG_WARN_DEPRECATED_OBJC_IMPLEMENTATIONS = YES;
				CLANG_WARN_DIRECT_OBJC_ISA_USAGE = YES_ERROR;
				CLANG_WARN_DOCUMENTATION_COMMENTS = YES;
				CLANG_WARN_EMPTY_BODY = YES;
				CLANG_WARN_ENUM_CONVERSION = YES;
				CLANG_WARN_INFINITE_RECURSION = YES;
				CLANG_WARN_INT_CONVERSION = YES;
				CLANG_WARN_NON_LITERAL_NULL_CONVERSION = YES;
				CLANG_WARN_OBJC_IMPLICIT_RETAIN_SELF = YES;
				CLANG_WARN_OBJC_LITERAL_CONVERSION = YES;
				CLANG_WARN_OBJC_ROOT_CLASS = YES_ERROR;
				CLANG_WARN_QUOTED_INCLUDE_IN_FRAMEWORK_HEADER = YES;
				CLANG_WARN_RANGE_LOOP_ANALYSIS = YES;
				CLANG_WARN_STRICT_PROTOTYPES = YES;
				CLANG_WARN_SUSPICIOUS_MOVE = YES;
				CLANG_WARN_UNGUARDED_AVAILABILITY = YES_AGGRESSIVE;
				CLANG_WARN_UNREACHABLE_CODE = YES;
				CLANG_WARN__DUPLICATE_METHOD_MATCH = YES;
				COPY_PHASE_STRIP = NO;
				DEBUG_INFORMATION_FORMAT = dwarf;
				ENABLE_STRICT_OBJC_MSGSEND = YES;
				ENABLE_TESTABILITY = YES;
				GCC_C_LANGUAGE_STANDARD = gnu11;
				GCC_DYNAMIC_NO_PIC = NO;
				GCC_NO_COMMON_BLOCKS = YES;
				GCC_OPTIMIZATION_LEVEL = 0;
				GCC_PREPROCESSOR_DEFINITIONS = (
					"DEBUG=1",
					"$(inherited)",
				);
				GCC_WARN_64_TO_32_BIT_CONVERSION = YES;
				GCC_WARN_ABOUT_RETURN_TYPE = YES_ERROR;
				GCC_WARN_UNDECLARED_SELECTOR = YES;
				GCC_WARN_UNINITIALIZED_AUTOS = YES_AGGRESSIVE;
				GCC_WARN_UNUSED_FUNCTION = YES;
				GCC_WARN_UNUSED_VARIABLE = YES;
				IPHONEOS_DEPLOYMENT_TARGET = 14.3;
				MTL_ENABLE_DEBUG_INFO = INCLUDE_SOURCE;
				MTL_FAST_MATH = YES;
				ONLY_ACTIVE_ARCH = YES;
				SDKROOT = iphoneos;
				SWIFT_ACTIVE_COMPILATION_CONDITIONS = DEBUG;
				SWIFT_OPTIMIZATION_LEVEL = "-Onone";
			};
			name = Debug;
		};
		52F170022606F282008DC088 /* Release */ = {
			isa = XCBuildConfiguration;
			buildSettings = {
				ALWAYS_SEARCH_USER_PATHS = NO;
				CLANG_ANALYZER_NONNULL = YES;
				CLANG_ANALYZER_NUMBER_OBJECT_CONVERSION = YES_AGGRESSIVE;
				CLANG_CXX_LANGUAGE_STANDARD = "gnu++14";
				CLANG_CXX_LIBRARY = "libc++";
				CLANG_ENABLE_MODULES = YES;
				CLANG_ENABLE_OBJC_ARC = YES;
				CLANG_ENABLE_OBJC_WEAK = YES;
				CLANG_WARN_BLOCK_CAPTURE_AUTORELEASING = YES;
				CLANG_WARN_BOOL_CONVERSION = YES;
				CLANG_WARN_COMMA = YES;
				CLANG_WARN_CONSTANT_CONVERSION = YES;
				CLANG_WARN_DEPRECATED_OBJC_IMPLEMENTATIONS = YES;
				CLANG_WARN_DIRECT_OBJC_ISA_USAGE = YES_ERROR;
				CLANG_WARN_DOCUMENTATION_COMMENTS = YES;
				CLANG_WARN_EMPTY_BODY = YES;
				CLANG_WARN_ENUM_CONVERSION = YES;
				CLANG_WARN_INFINITE_RECURSION = YES;
				CLANG_WARN_INT_CONVERSION = YES;
				CLANG_WARN_NON_LITERAL_NULL_CONVERSION = YES;
				CLANG_WARN_OBJC_IMPLICIT_RETAIN_SELF = YES;
				CLANG_WARN_OBJC_LITERAL_CONVERSION = YES;
				CLANG_WARN_OBJC_ROOT_CLASS = YES_ERROR;
				CLANG_WARN_QUOTED_INCLUDE_IN_FRAMEWORK_HEADER = YES;
				CLANG_WARN_RANGE_LOOP_ANALYSIS = YES;
				CLANG_WARN_STRICT_PROTOTYPES = YES;
				CLANG_WARN_SUSPICIOUS_MOVE = YES;
				CLANG_WARN_UNGUARDED_AVAILABILITY = YES_AGGRESSIVE;
				CLANG_WARN_UNREACHABLE_CODE = YES;
				CLANG_WARN__DUPLICATE_METHOD_MATCH = YES;
				COPY_PHASE_STRIP = NO;
				DEBUG_INFORMATION_FORMAT = "dwarf-with-dsym";
				ENABLE_NS_ASSERTIONS = NO;
				ENABLE_STRICT_OBJC_MSGSEND = YES;
				GCC_C_LANGUAGE_STANDARD = gnu11;
				GCC_NO_COMMON_BLOCKS = YES;
				GCC_WARN_64_TO_32_BIT_CONVERSION = YES;
				GCC_WARN_ABOUT_RETURN_TYPE = YES_ERROR;
				GCC_WARN_UNDECLARED_SELECTOR = YES;
				GCC_WARN_UNINITIALIZED_AUTOS = YES_AGGRESSIVE;
				GCC_WARN_UNUSED_FUNCTION = YES;
				GCC_WARN_UNUSED_VARIABLE = YES;
				IPHONEOS_DEPLOYMENT_TARGET = 14.3;
				MTL_ENABLE_DEBUG_INFO = NO;
				MTL_FAST_MATH = YES;
				SDKROOT = iphoneos;
				SWIFT_COMPILATION_MODE = wholemodule;
				SWIFT_OPTIMIZATION_LEVEL = "-O";
				VALIDATE_PRODUCT = YES;
			};
			name = Release;
		};
		52F170042606F282008DC088 /* Debug */ = {
			isa = XCBuildConfiguration;
			buildSettings = {
				ASSETCATALOG_COMPILER_APPICON_NAME = AppIcon;
				ASSETCATALOG_COMPILER_GLOBAL_ACCENT_COLOR_NAME = AccentColor;
				CODE_SIGN_STYLE = Automatic;
				DEVELOPMENT_TEAM = 6NN39GMNRV;
				INFOPLIST_FILE = "Burger King App/Info.plist";
				LD_RUNPATH_SEARCH_PATHS = (
					"$(inherited)",
					"@executable_path/Frameworks",
				);
				PRODUCT_BUNDLE_IDENTIFIER = "com.rachit-prajapati.Burger-King-App";
				PRODUCT_NAME = "$(TARGET_NAME)";
				SWIFT_VERSION = 5.0;
				TARGETED_DEVICE_FAMILY = "1,2";
			};
			name = Debug;
		};
		52F170052606F282008DC088 /* Release */ = {
			isa = XCBuildConfiguration;
			buildSettings = {
				ASSETCATALOG_COMPILER_APPICON_NAME = AppIcon;
				ASSETCATALOG_COMPILER_GLOBAL_ACCENT_COLOR_NAME = AccentColor;
				CODE_SIGN_STYLE = Automatic;
				DEVELOPMENT_TEAM = 6NN39GMNRV;
				INFOPLIST_FILE = "Burger King App/Info.plist";
				LD_RUNPATH_SEARCH_PATHS = (
					"$(inherited)",
					"@executable_path/Frameworks",
				);
				PRODUCT_BUNDLE_IDENTIFIER = "com.rachit-prajapati.Burger-King-App";
				PRODUCT_NAME = "$(TARGET_NAME)";
				SWIFT_VERSION = 5.0;
				TARGETED_DEVICE_FAMILY = "1,2";
			};
			name = Release;
		};
/* End XCBuildConfiguration section */

/* Begin XCConfigurationList section */
		52F16FEA2606F281008DC088 /* Build configuration list for PBXProject "Burger King App" */ = {
			isa = XCConfigurationList;
			buildConfigurations = (
				52F170012606F282008DC088 /* Debug */,
				52F170022606F282008DC088 /* Release */,
			);
			defaultConfigurationIsVisible = 0;
			defaultConfigurationName = Release;
		};
		52F170032606F282008DC088 /* Build configuration list for PBXNativeTarget "Burger King App" */ = {
			isa = XCConfigurationList;
			buildConfigurations = (
				52F170042606F282008DC088 /* Debug */,
				52F170052606F282008DC088 /* Release */,
			);
			defaultConfigurationIsVisible = 0;
			defaultConfigurationName = Release;
		};
/* End XCConfigurationList section */
	};
	rootObject = 52F16FE72606F281008DC088 /* Project object */;
}
